
Microsoft Visual Studio Solution File, Format Version 12.00
# Visual Studio 15
VisualStudioVersion = 15.0.27004.2002
MinimumVisualStudioVersion = 10.0.40219.1
Project("{FAE04EC0-301F-11D3-BF4B-00C04F79EFBC}") = "Gradebook", "Gradebook\Gradebook.csproj", "{B650BABF-EE48-4308-AA72-FA8E8544E6BA}"
EndProject
Global
	GlobalSection(SolutionConfigurationPlatforms) = preSolution
		Debug|Any CPU = Debug|Any CPU
		Release|Any CPU = Release|Any CPU
	EndGlobalSection
	GlobalSection(ProjectConfigurationPlatforms) = postSolution
		{B650BABF-EE48-4308-AA72-FA8E8544E6BA}.Debug|Any CPU.ActiveCfg = Debug|Any CPU
		{B650BABF-EE48-4308-AA72-FA8E8544E6BA}.Debug|Any CPU.Build.0 = Debug|Any CPU
		{B650BABF-EE48-4308-AA72-FA8E8544E6BA}.Release|Any CPU.ActiveCfg = Release|Any CPU
		{B650BABF-EE48-4308-AA72-FA8E8544E6BA}.Release|Any CPU.Build.0 = Release|Any CPU
	EndGlobalSection
	GlobalSection(SolutionProperties) = preSolution
		HideSolutionNode = FALSE
	EndGlobalSection
	GlobalSection(ExtensibilityGlobals) = postSolution
		SolutionGuid = {0181C32B-5350-4296-911A-ABBA26BF3410}
	EndGlobalSection
EndGlobal
